// !$*UTF8*$!
{
	archiveVersion = 1;
	classes = {
	};
	objectVersion = 51;
	objects = {

/* Begin PBXBuildFile section */
		4B0D751A2626611900163095 /* AppDelegate.swift in Sources */ = {isa = PBXBuildFile; fileRef = 4B0D75192626611900163095 /* AppDelegate.swift */; };
		4B0D751C2626611900163095 /* SceneDelegate.swift in Sources */ = {isa = PBXBuildFile; fileRef = 4B0D751B2626611900163095 /* SceneDelegate.swift */; };
		4B0D751E2626611900163095 /* ViewController.swift in Sources */ = {isa = PBXBuildFile; fileRef = 4B0D751D2626611900163095 /* ViewController.swift */; };
		4B0D75232626611B00163095 /* Assets.xcassets in Resources */ = {isa = PBXBuildFile; fileRef = 4B0D75222626611B00163095 /* Assets.xcassets */; };
		4B0D75262626611B00163095 /* LaunchScreen.storyboard in Resources */ = {isa = PBXBuildFile; fileRef = 4B0D75242626611B00163095 /* LaunchScreen.storyboard */; };
		4B0D7545262663A300163095 /* presenter.framework in Frameworks */ = {isa = PBXBuildFile; fileRef = 4B0D75412626639E00163095 /* presenter.framework */; };
		4B0D7546262663A300163095 /* presenter.framework in Embed Frameworks */ = {isa = PBXBuildFile; fileRef = 4B0D75412626639E00163095 /* presenter.framework */; settings = {ATTRIBUTES = (CodeSignOnCopy, RemoveHeadersOnCopy, ); }; };
		4B0D7548262663A400163095 /* provider.framework in Frameworks */ = {isa = PBXBuildFile; fileRef = 4B0D75402626639E00163095 /* provider.framework */; };
		4B0D7549262663A400163095 /* provider.framework in Embed Frameworks */ = {isa = PBXBuildFile; fileRef = 4B0D75402626639E00163095 /* provider.framework */; settings = {ATTRIBUTES = (CodeSignOnCopy, RemoveHeadersOnCopy, ); }; };
		4B0D754C262665D700163095 /* RootComponent.swift in Sources */ = {isa = PBXBuildFile; fileRef = 4B0D754B262665D700163095 /* RootComponent.swift */; };
		4B0D754F2626664200163095 /* HomeView.swift in Sources */ = {isa = PBXBuildFile; fileRef = 4B0D754E2626664200163095 /* HomeView.swift */; };
		4BC1B00026267C720080035F /* NeedleGenerated.swift in Sources */ = {isa = PBXBuildFile; fileRef = 4BC1AFFF26267C720080035F /* NeedleGenerated.swift */; };
		4BC1B00226267CA30080035F /* HomeComponent.swift in Sources */ = {isa = PBXBuildFile; fileRef = 4BC1B00126267CA30080035F /* HomeComponent.swift */; };
		4BC1B004262682720080035F /* Extension.swift in Sources */ = {isa = PBXBuildFile; fileRef = 4BC1B003262682720080035F /* Extension.swift */; };
		4BFEC342262744F50053498E /* RestaurantItem.swift in Sources */ = {isa = PBXBuildFile; fileRef = 4BFEC341262744F50053498E /* RestaurantItem.swift */; };
		4BFEC3482627E63A0053498E /* RestaurantItemListCell.swift in Sources */ = {isa = PBXBuildFile; fileRef = 4BFEC3472627E63A0053498E /* RestaurantItemListCell.swift */; };
		4BFEC34A2627E68D0053498E /* RestaurantItemContentConfiguration.swift in Sources */ = {isa = PBXBuildFile; fileRef = 4BFEC3492627E68D0053498E /* RestaurantItemContentConfiguration.swift */; };
		4BFEC34C2627E6D00053498E /* RestaurantItemContentView.swift in Sources */ = {isa = PBXBuildFile; fileRef = 4BFEC34B2627E6D00053498E /* RestaurantItemContentView.swift */; };
		9F5D041E8E15CD8313188318 /* Pods_app.framework in Frameworks */ = {isa = PBXBuildFile; fileRef = 6B784B575BFFBC8BA536BD12 /* Pods_app.framework */; };
/* End PBXBuildFile section */

/* Begin PBXCopyFilesBuildPhase section */
		4B0D7547262663A300163095 /* Embed Frameworks */ = {
			isa = PBXCopyFilesBuildPhase;
			buildActionMask = 2147483647;
			dstPath = "";
			dstSubfolderSpec = 10;
			files = (
				4B0D7546262663A300163095 /* presenter.framework in Embed Frameworks */,
				4B0D7549262663A400163095 /* provider.framework in Embed Frameworks */,
			);
			name = "Embed Frameworks";
			runOnlyForDeploymentPostprocessing = 0;
		};
/* End PBXCopyFilesBuildPhase section */

/* Begin PBXFileReference section */
		4B0D75162626611900163095 /* app.app */ = {isa = PBXFileReference; explicitFileType = wrapper.application; includeInIndex = 0; path = app.app; sourceTree = BUILT_PRODUCTS_DIR; };
		4B0D75192626611900163095 /* AppDelegate.swift */ = {isa = PBXFileReference; lastKnownFileType = sourcecode.swift; path = AppDelegate.swift; sourceTree = "<group>"; };
		4B0D751B2626611900163095 /* SceneDelegate.swift */ = {isa = PBXFileReference; lastKnownFileType = sourcecode.swift; path = SceneDelegate.swift; sourceTree = "<group>"; };
		4B0D751D2626611900163095 /* ViewController.swift */ = {isa = PBXFileReference; lastKnownFileType = sourcecode.swift; path = ViewController.swift; sourceTree = "<group>"; };
		4B0D75222626611B00163095 /* Assets.xcassets */ = {isa = PBXFileReference; lastKnownFileType = folder.assetcatalog; path = Assets.xcassets; sourceTree = "<group>"; };
		4B0D75252626611B00163095 /* Base */ = {isa = PBXFileReference; lastKnownFileType = file.storyboard; name = Base; path = Base.lproj/LaunchScreen.storyboard; sourceTree = "<group>"; };
		4B0D75272626611B00163095 /* Info.plist */ = {isa = PBXFileReference; lastKnownFileType = text.plist.xml; path = Info.plist; sourceTree = "<group>"; };
		4B0D75402626639E00163095 /* provider.framework */ = {isa = PBXFileReference; lastKnownFileType = wrapper.framework; path = provider.framework; sourceTree = "<group>"; };
		4B0D75412626639E00163095 /* presenter.framework */ = {isa = PBXFileReference; lastKnownFileType = wrapper.framework; path = presenter.framework; sourceTree = "<group>"; };
		4B0D754B262665D700163095 /* RootComponent.swift */ = {isa = PBXFileReference; lastKnownFileType = sourcecode.swift; path = RootComponent.swift; sourceTree = "<group>"; };
		4B0D754E2626664200163095 /* HomeView.swift */ = {isa = PBXFileReference; lastKnownFileType = sourcecode.swift; path = HomeView.swift; sourceTree = "<group>"; };
		4BC1AFFF26267C720080035F /* NeedleGenerated.swift */ = {isa = PBXFileReference; fileEncoding = 4; lastKnownFileType = sourcecode.swift; name = NeedleGenerated.swift; path = app/NeedleGenerated.swift; sourceTree = SOURCE_ROOT; };
		4BC1B00126267CA30080035F /* HomeComponent.swift */ = {isa = PBXFileReference; lastKnownFileType = sourcecode.swift; path = HomeComponent.swift; sourceTree = "<group>"; };
		4BC1B003262682720080035F /* Extension.swift */ = {isa = PBXFileReference; lastKnownFileType = sourcecode.swift; path = Extension.swift; sourceTree = "<group>"; };
		4BFEC341262744F50053498E /* RestaurantItem.swift */ = {isa = PBXFileReference; lastKnownFileType = sourcecode.swift; path = RestaurantItem.swift; sourceTree = "<group>"; };
		4BFEC3472627E63A0053498E /* RestaurantItemListCell.swift */ = {isa = PBXFileReference; lastKnownFileType = sourcecode.swift; path = RestaurantItemListCell.swift; sourceTree = "<group>"; };
		4BFEC3492627E68D0053498E /* RestaurantItemContentConfiguration.swift */ = {isa = PBXFileReference; lastKnownFileType = sourcecode.swift; path = RestaurantItemContentConfiguration.swift; sourceTree = "<group>"; };
		4BFEC34B2627E6D00053498E /* RestaurantItemContentView.swift */ = {isa = PBXFileReference; lastKnownFileType = sourcecode.swift; path = RestaurantItemContentView.swift; sourceTree = "<group>"; };
		5ACE3DB2485DFDB308D09237 /* Pods-app.release.xcconfig */ = {isa = PBXFileReference; includeInIndex = 1; lastKnownFileType = text.xcconfig; name = "Pods-app.release.xcconfig"; path = "Target Support Files/Pods-app/Pods-app.release.xcconfig"; sourceTree = "<group>"; };
		6B784B575BFFBC8BA536BD12 /* Pods_app.framework */ = {isa = PBXFileReference; explicitFileType = wrapper.framework; includeInIndex = 0; path = Pods_app.framework; sourceTree = BUILT_PRODUCTS_DIR; };
		89858FC739C4D93913EC5FAE /* Pods-app.debug.xcconfig */ = {isa = PBXFileReference; includeInIndex = 1; lastKnownFileType = text.xcconfig; name = "Pods-app.debug.xcconfig"; path = "Target Support Files/Pods-app/Pods-app.debug.xcconfig"; sourceTree = "<group>"; };
/* End PBXFileReference section */

/* Begin PBXFrameworksBuildPhase section */
		4B0D75132626611900163095 /* Frameworks */ = {
			isa = PBXFrameworksBuildPhase;
			buildActionMask = 2147483647;
			files = (
				4B0D7545262663A300163095 /* presenter.framework in Frameworks */,
				4B0D7548262663A400163095 /* provider.framework in Frameworks */,
				9F5D041E8E15CD8313188318 /* Pods_app.framework in Frameworks */,
			);
			runOnlyForDeploymentPostprocessing = 0;
		};
/* End PBXFrameworksBuildPhase section */

/* Begin PBXGroup section */
		4B0D750D2626611900163095 = {
			isa = PBXGroup;
			children = (
				4B0D75182626611900163095 /* app */,
				4B0D75172626611900163095 /* Products */,
				C72245C810374E9AE80DBCCC /* Pods */,
				B6F952F6A8108E91C9CF9912 /* Frameworks */,
			);
			sourceTree = "<group>";
		};
		4B0D75172626611900163095 /* Products */ = {
			isa = PBXGroup;
			children = (
				4B0D75162626611900163095 /* app.app */,
			);
			name = Products;
			sourceTree = "<group>";
		};
		4B0D75182626611900163095 /* app */ = {
			isa = PBXGroup;
			children = (
				4B0D754A262665CD00163095 /* di */,
				4B0D754D2626663900163095 /* view */,
				4B0D75192626611900163095 /* AppDelegate.swift */,
				4B0D751B2626611900163095 /* SceneDelegate.swift */,
				4B0D751D2626611900163095 /* ViewController.swift */,
				4B0D75222626611B00163095 /* Assets.xcassets */,
				4B0D75242626611B00163095 /* LaunchScreen.storyboard */,
				4B0D75272626611B00163095 /* Info.plist */,
				4BC1B003262682720080035F /* Extension.swift */,
				4BFEC341262744F50053498E /* RestaurantItem.swift */,
			);
			path = app;
			sourceTree = "<group>";
		};
		4B0D754A262665CD00163095 /* di */ = {
			isa = PBXGroup;
			children = (
				4BC1AFFF26267C720080035F /* NeedleGenerated.swift */,
				4B0D754B262665D700163095 /* RootComponent.swift */,
				4BC1B00126267CA30080035F /* HomeComponent.swift */,
			);
			path = di;
			sourceTree = "<group>";
		};
		4B0D754D2626663900163095 /* view */ = {
			isa = PBXGroup;
			children = (
				4B0D754E2626664200163095 /* HomeView.swift */,
				4BFEC3472627E63A0053498E /* RestaurantItemListCell.swift */,
				4BFEC3492627E68D0053498E /* RestaurantItemContentConfiguration.swift */,
				4BFEC34B2627E6D00053498E /* RestaurantItemContentView.swift */,
			);
			path = view;
			sourceTree = "<group>";
		};
		B6F952F6A8108E91C9CF9912 /* Frameworks */ = {
			isa = PBXGroup;
			children = (
				4B0D75412626639E00163095 /* presenter.framework */,
				4B0D75402626639E00163095 /* provider.framework */,
				6B784B575BFFBC8BA536BD12 /* Pods_app.framework */,
			);
			name = Frameworks;
			sourceTree = "<group>";
		};
		C72245C810374E9AE80DBCCC /* Pods */ = {
			isa = PBXGroup;
			children = (
				89858FC739C4D93913EC5FAE /* Pods-app.debug.xcconfig */,
				5ACE3DB2485DFDB308D09237 /* Pods-app.release.xcconfig */,
			);
			path = Pods;
			sourceTree = "<group>";
		};
/* End PBXGroup section */

/* Begin PBXNativeTarget section */
		4B0D75152626611900163095 /* app */ = {
			isa = PBXNativeTarget;
			buildConfigurationList = 4B0D752A2626611B00163095 /* Build configuration list for PBXNativeTarget "app" */;
			buildPhases = (
				1C4E37F2FBE49E6B28B58FC4 /* [CP] Check Pods Manifest.lock */,
				4BC1AFFE26267C230080035F /* needle */,
				4B0D75122626611900163095 /* Sources */,
				4B0D75132626611900163095 /* Frameworks */,
				4B0D75142626611900163095 /* Resources */,
				8A2C69C28913996D9821D2BF /* [CP] Embed Pods Frameworks */,
				972333E578CEAFB2533E8554 /* [CP] Copy Pods Resources */,
				4B0D7547262663A300163095 /* Embed Frameworks */,
			);
			buildRules = (
			);
			dependencies = (
			);
			name = app;
			productName = app;
			productReference = 4B0D75162626611900163095 /* app.app */;
			productType = "com.apple.product-type.application";
		};
/* End PBXNativeTarget section */

/* Begin PBXProject section */
		4B0D750E2626611900163095 /* Project object */ = {
			isa = PBXProject;
			attributes = {
				LastSwiftUpdateCheck = 1240;
				LastUpgradeCheck = 1240;
				TargetAttributes = {
					4B0D75152626611900163095 = {
						CreatedOnToolsVersion = 12.4;
					};
				};
			};
			buildConfigurationList = 4B0D75112626611900163095 /* Build configuration list for PBXProject "app" */;
			compatibilityVersion = "Xcode 9.3";
			developmentRegion = en;
			hasScannedForEncodings = 0;
			knownRegions = (
				en,
				Base,
			);
			mainGroup = 4B0D750D2626611900163095;
			productRefGroup = 4B0D75172626611900163095 /* Products */;
			projectDirPath = "";
			projectRoot = "";
			targets = (
				4B0D75152626611900163095 /* app */,
			);
		};
/* End PBXProject section */

/* Begin PBXResourcesBuildPhase section */
		4B0D75142626611900163095 /* Resources */ = {
			isa = PBXResourcesBuildPhase;
			buildActionMask = 2147483647;
			files = (
				4B0D75262626611B00163095 /* LaunchScreen.storyboard in Resources */,
				4B0D75232626611B00163095 /* Assets.xcassets in Resources */,
			);
			runOnlyForDeploymentPostprocessing = 0;
		};
/* End PBXResourcesBuildPhase section */

/* Begin PBXShellScriptBuildPhase section */
		1C4E37F2FBE49E6B28B58FC4 /* [CP] Check Pods Manifest.lock */ = {
			isa = PBXShellScriptBuildPhase;
			buildActionMask = 2147483647;
			files = (
			);
			inputFileListPaths = (
			);
			inputPaths = (
				"${PODS_PODFILE_DIR_PATH}/Podfile.lock",
				"${PODS_ROOT}/Manifest.lock",
			);
			name = "[CP] Check Pods Manifest.lock";
			outputFileListPaths = (
			);
			outputPaths = (
				"$(DERIVED_FILE_DIR)/Pods-app-checkManifestLockResult.txt",
			);
			runOnlyForDeploymentPostprocessing = 0;
			shellPath = /bin/sh;
			shellScript = "diff \"${PODS_PODFILE_DIR_PATH}/Podfile.lock\" \"${PODS_ROOT}/Manifest.lock\" > /dev/null\nif [ $? != 0 ] ; then\n    # print error to STDERR\n    echo \"error: The sandbox is not in sync with the Podfile.lock. Run 'pod install' or update your CocoaPods installation.\" >&2\n    exit 1\nfi\n# This output is used by Xcode 'outputs' to avoid re-running this script phase.\necho \"SUCCESS\" > \"${SCRIPT_OUTPUT_FILE_0}\"\n";
			showEnvVarsInLog = 0;
		};
		4BC1AFFE26267C230080035F /* needle */ = {
			isa = PBXShellScriptBuildPhase;
			buildActionMask = 2147483647;
			files = (
			);
			inputFileListPaths = (
			);
			inputPaths = (
			);
			name = needle;
			outputFileListPaths = (
			);
			outputPaths = (
			);
			runOnlyForDeploymentPostprocessing = 0;
			shellPath = /bin/sh;
			shellScript = "export SOURCEKIT_LOGGING=0 && needle generate app/NeedleGenerated.swift app/\n";
		};
		8A2C69C28913996D9821D2BF /* [CP] Embed Pods Frameworks */ = {
			isa = PBXShellScriptBuildPhase;
			buildActionMask = 2147483647;
			files = (
			);
			inputFileListPaths = (
				"${PODS_ROOT}/Target Support Files/Pods-app/Pods-app-frameworks-${CONFIGURATION}-input-files.xcfilelist",
			);
			name = "[CP] Embed Pods Frameworks";
			outputFileListPaths = (
				"${PODS_ROOT}/Target Support Files/Pods-app/Pods-app-frameworks-${CONFIGURATION}-output-files.xcfilelist",
			);
			runOnlyForDeploymentPostprocessing = 0;
			shellPath = /bin/sh;
			shellScript = "\"${PODS_ROOT}/Target Support Files/Pods-app/Pods-app-frameworks.sh\"\n";
			showEnvVarsInLog = 0;
		};
		972333E578CEAFB2533E8554 /* [CP] Copy Pods Resources */ = {
			isa = PBXShellScriptBuildPhase;
			buildActionMask = 2147483647;
			files = (
			);
			inputFileListPaths = (
				"${PODS_ROOT}/Target Support Files/Pods-app/Pods-app-resources-${CONFIGURATION}-input-files.xcfilelist",
			);
			name = "[CP] Copy Pods Resources";
			outputFileListPaths = (
				"${PODS_ROOT}/Target Support Files/Pods-app/Pods-app-resources-${CONFIGURATION}-output-files.xcfilelist",
			);
			runOnlyForDeploymentPostprocessing = 0;
			shellPath = /bin/sh;
			shellScript = "\"${PODS_ROOT}/Target Support Files/Pods-app/Pods-app-resources.sh\"\n";
			showEnvVarsInLog = 0;
		};
/* End PBXShellScriptBuildPhase section */

/* Begin PBXSourcesBuildPhase section */
		4B0D75122626611900163095 /* Sources */ = {
			isa = PBXSourcesBuildPhase;
			buildActionMask = 2147483647;
			files = (
				4B0D751E2626611900163095 /* ViewController.swift in Sources */,
				4BC1B00226267CA30080035F /* HomeComponent.swift in Sources */,
				4B0D754C262665D700163095 /* RootComponent.swift in Sources */,
				4BC1B00026267C720080035F /* NeedleGenerated.swift in Sources */,
				4BFEC34C2627E6D00053498E /* RestaurantItemContentView.swift in Sources */,
				4BFEC342262744F50053498E /* RestaurantItem.swift in Sources */,
				4BFEC34A2627E68D0053498E /* RestaurantItemContentConfiguration.swift in Sources */,
				4B0D751A2626611900163095 /* AppDelegate.swift in Sources */,
				4B0D754F2626664200163095 /* HomeView.swift in Sources */,
				4BFEC3482627E63A0053498E /* RestaurantItemListCell.swift in Sources */,
				4B0D751C2626611900163095 /* SceneDelegate.swift in Sources */,
				4BC1B004262682720080035F /* Extension.swift in Sources */,
			);
			runOnlyForDeploymentPostprocessing = 0;
		};
/* End PBXSourcesBuildPhase section */

/* Begin PBXVariantGroup section */
		4B0D75242626611B00163095 /* LaunchScreen.storyboard */ = {
			isa = PBXVariantGroup;
			children = (
				4B0D75252626611B00163095 /* Base */,
			);
			name = LaunchScreen.storyboard;
			sourceTree = "<group>";
		};
/* End PBXVariantGroup section */

/* Begin XCBuildConfiguration section */
		4B0D75282626611B00163095 /* Debug */ = {
			isa = XCBuildConfiguration;
			buildSettings = {
				ALWAYS_SEARCH_USER_PATHS = NO;
				CLANG_ANALYZER_NONNULL = YES;
				CLANG_ANALYZER_NUMBER_OBJECT_CONVERSION = YES_AGGRESSIVE;
				CLANG_CXX_LANGUAGE_STANDARD = "gnu++14";
				CLANG_CXX_LIBRARY = "libc++";
				CLANG_ENABLE_MODULES = YES;
				CLANG_ENABLE_OBJC_ARC = YES;
				CLANG_ENABLE_OBJC_WEAK = YES;
				CLANG_WARN_BLOCK_CAPTURE_AUTORELEASING = YES;
				CLANG_WARN_BOOL_CONVERSION = YES;
				CLANG_WARN_COMMA = YES;
				CLANG_WARN_CONSTANT_CONVERSION = YES;
				CLANG_WARN_DEPRECATED_OBJC_IMPLEMENTATIONS = YES;
				CLANG_WARN_DIRECT_OBJC_ISA_USAGE = YES_ERROR;
				CLANG_WARN_DOCUMENTATION_COMMENTS = YES;
				CLANG_WARN_EMPTY_BODY = YES;
				CLANG_WARN_ENUM_CONVERSION = YES;
				CLANG_WARN_INFINITE_RECURSION = YES;
				CLANG_WARN_INT_CONVERSION = YES;
				CLANG_WARN_NON_LITERAL_NULL_CONVERSION = YES;
				CLANG_WARN_OBJC_IMPLICIT_RETAIN_SELF = YES;
				CLANG_WARN_OBJC_LITERAL_CONVERSION = YES;
				CLANG_WARN_OBJC_ROOT_CLASS = YES_ERROR;
				CLANG_WARN_QUOTED_INCLUDE_IN_FRAMEWORK_HEADER = YES;
				CLANG_WARN_RANGE_LOOP_ANALYSIS = YES;
				CLANG_WARN_STRICT_PROTOTYPES = YES;
				CLANG_WARN_SUSPICIOUS_MOVE = YES;
				CLANG_WARN_UNGUARDED_AVAILABILITY = YES_AGGRESSIVE;
				CLANG_WARN_UNREACHABLE_CODE = YES;
				CLANG_WARN__DUPLICATE_METHOD_MATCH = YES;
				COPY_PHASE_STRIP = NO;
				DEBUG_INFORMATION_FORMAT = dwarf;
				ENABLE_STRICT_OBJC_MSGSEND = YES;
				ENABLE_TESTABILITY = YES;
				GCC_C_LANGUAGE_STANDARD = gnu11;
				GCC_DYNAMIC_NO_PIC = NO;
				GCC_NO_COMMON_BLOCKS = YES;
				GCC_OPTIMIZATION_LEVEL = 0;
				GCC_PREPROCESSOR_DEFINITIONS = (
					"DEBUG=1",
					"$(inherited)",
				);
				GCC_WARN_64_TO_32_BIT_CONVERSION = YES;
				GCC_WARN_ABOUT_RETURN_TYPE = YES_ERROR;
				GCC_WARN_UNDECLARED_SELECTOR = YES;
				GCC_WARN_UNINITIALIZED_AUTOS = YES_AGGRESSIVE;
				GCC_WARN_UNUSED_FUNCTION = YES;
				GCC_WARN_UNUSED_VARIABLE = YES;
				IPHONEOS_DEPLOYMENT_TARGET = 14.4;
				MTL_ENABLE_DEBUG_INFO = INCLUDE_SOURCE;
				MTL_FAST_MATH = YES;
				ONLY_ACTIVE_ARCH = YES;
				SDKROOT = iphoneos;
				SWIFT_ACTIVE_COMPILATION_CONDITIONS = DEBUG;
				SWIFT_OPTIMIZATION_LEVEL = "-Onone";
			};
			name = Debug;
		};
		4B0D75292626611B00163095 /* Release */ = {
			isa = XCBuildConfiguration;
			buildSettings = {
				ALWAYS_SEARCH_USER_PATHS = NO;
				CLANG_ANALYZER_NONNULL = YES;
				CLANG_ANALYZER_NUMBER_OBJECT_CONVERSION = YES_AGGRESSIVE;
				CLANG_CXX_LANGUAGE_STANDARD = "gnu++14";
				CLANG_CXX_LIBRARY = "libc++";
				CLANG_ENABLE_MODULES = YES;
				CLANG_ENABLE_OBJC_ARC = YES;
				CLANG_ENABLE_OBJC_WEAK = YES;
				CLANG_WARN_BLOCK_CAPTURE_AUTORELEASING = YES;
				CLANG_WARN_BOOL_CONVERSION = YES;
				CLANG_WARN_COMMA = YES;
				CLANG_WARN_CONSTANT_CONVERSION = YES;
				CLANG_WARN_DEPRECATED_OBJC_IMPLEMENTATIONS = YES;
				CLANG_WARN_DIRECT_OBJC_ISA_USAGE = YES_ERROR;
				CLANG_WARN_DOCUMENTATION_COMMENTS = YES;
				CLANG_WARN_EMPTY_BODY = YES;
				CLANG_WARN_ENUM_CONVERSION = YES;
				CLANG_WARN_INFINITE_RECURSION = YES;
				CLANG_WARN_INT_CONVERSION = YES;
				CLANG_WARN_NON_LITERAL_NULL_CONVERSION = YES;
				CLANG_WARN_OBJC_IMPLICIT_RETAIN_SELF = YES;
				CLANG_WARN_OBJC_LITERAL_CONVERSION = YES;
				CLANG_WARN_OBJC_ROOT_CLASS = YES_ERROR;
				CLANG_WARN_QUOTED_INCLUDE_IN_FRAMEWORK_HEADER = YES;
				CLANG_WARN_RANGE_LOOP_ANALYSIS = YES;
				CLANG_WARN_STRICT_PROTOTYPES = YES;
				CLANG_WARN_SUSPICIOUS_MOVE = YES;
				CLANG_WARN_UNGUARDED_AVAILABILITY = YES_AGGRESSIVE;
				CLANG_WARN_UNREACHABLE_CODE = YES;
				CLANG_WARN__DUPLICATE_METHOD_MATCH = YES;
				COPY_PHASE_STRIP = NO;
				DEBUG_INFORMATION_FORMAT = "dwarf-with-dsym";
				ENABLE_NS_ASSERTIONS = NO;
				ENABLE_STRICT_OBJC_MSGSEND = YES;
				GCC_C_LANGUAGE_STANDARD = gnu11;
				GCC_NO_COMMON_BLOCKS = YES;
				GCC_WARN_64_TO_32_BIT_CONVERSION = YES;
				GCC_WARN_ABOUT_RETURN_TYPE = YES_ERROR;
				GCC_WARN_UNDECLARED_SELECTOR = YES;
				GCC_WARN_UNINITIALIZED_AUTOS = YES_AGGRESSIVE;
				GCC_WARN_UNUSED_FUNCTION = YES;
				GCC_WARN_UNUSED_VARIABLE = YES;
				IPHONEOS_DEPLOYMENT_TARGET = 14.4;
				MTL_ENABLE_DEBUG_INFO = NO;
				MTL_FAST_MATH = YES;
				SDKROOT = iphoneos;
				SWIFT_COMPILATION_MODE = wholemodule;
				SWIFT_OPTIMIZATION_LEVEL = "-O";
				VALIDATE_PRODUCT = YES;
			};
			name = Release;
		};
		4B0D752B2626611B00163095 /* Debug */ = {
			isa = XCBuildConfiguration;
			baseConfigurationReference = 89858FC739C4D93913EC5FAE /* Pods-app.debug.xcconfig */;
			buildSettings = {
				ASSETCATALOG_COMPILER_APPICON_NAME = AppIcon;
				ASSETCATALOG_COMPILER_GLOBAL_ACCENT_COLOR_NAME = AccentColor;
				CODE_SIGN_STYLE = Automatic;
				DEVELOPMENT_TEAM = Y82V9MDMPA;
				FRAMEWORK_SEARCH_PATHS = (
					"$(inherited)",
					"$(PROJECT_DIR)",
				);
				INFOPLIST_FILE = app/Info.plist;
				LD_RUNPATH_SEARCH_PATHS = (
					"$(inherited)",
					"@executable_path/Frameworks",
				);
				PRODUCT_BUNDLE_IDENTIFIER = com.aal.app;
				PRODUCT_NAME = "$(TARGET_NAME)";
				SWIFT_VERSION = 5.0;
				TARGETED_DEVICE_FAMILY = "1,2";
			};
			name = Debug;
		};
		4B0D752C2626611B00163095 /* Release */ = {
			isa = XCBuildConfiguration;
			baseConfigurationReference = 5ACE3DB2485DFDB308D09237 /* Pods-app.release.xcconfig */;
			buildSettings = {
				ASSETCATALOG_COMPILER_APPICON_NAME = AppIcon;
				ASSETCATALOG_COMPILER_GLOBAL_ACCENT_COLOR_NAME = AccentColor;
				CODE_SIGN_STYLE = Automatic;
				DEVELOPMENT_TEAM = Y82V9MDMPA;
				FRAMEWORK_SEARCH_PATHS = (
					"$(inherited)",
					"$(PROJECT_DIR)",
				);
				INFOPLIST_FILE = app/Info.plist;
				LD_RUNPATH_SEARCH_PATHS = (
					"$(inherited)",
					"@executable_path/Frameworks",
				);
				PRODUCT_BUNDLE_IDENTIFIER = com.aal.app;
				PRODUCT_NAME = "$(TARGET_NAME)";
				SWIFT_VERSION = 5.0;
				TARGETED_DEVICE_FAMILY = "1,2";
			};
			name = Release;
		};
/* End XCBuildConfiguration section */

/* Begin XCConfigurationList section */
		4B0D75112626611900163095 /* Build configuration list for PBXProject "app" */ = {
			isa = XCConfigurationList;
			buildConfigurations = (
				4B0D75282626611B00163095 /* Debug */,
				4B0D75292626611B00163095 /* Release */,
			);
			defaultConfigurationIsVisible = 0;
			defaultConfigurationName = Release;
		};
		4B0D752A2626611B00163095 /* Build configuration list for PBXNativeTarget "app" */ = {
			isa = XCConfigurationList;
			buildConfigurations = (
				4B0D752B2626611B00163095 /* Debug */,
				4B0D752C2626611B00163095 /* Release */,
			);
			defaultConfigurationIsVisible = 0;
			defaultConfigurationName = Release;
		};
/* End XCConfigurationList section */
	};
	rootObject = 4B0D750E2626611900163095 /* Project object */;
}
